{
  "version": 4,
  "terraform_version": "1.13.3",
  "serial": 4,
  "lineage": "5dcac4d7-9624-5b7c-fda6-1b6385751ca7",
  "outputs": {},
  "resources": [
    {
      "mode": "managed",
      "type": "local_file",
      "name": "pet",
      "provider": "provider[\"registry.terraform.io/hashicorp/local\"]",
      "instances": [
        {
          "schema_version": 0,
          "attributes": {
            "content": "We love cat",
            "content_base64": null,
            "content_base64sha256": "5zMfRLhAHyNKdwoX+4ZbR1tCeTkt6hDWggQOzmxvl/Q=",
            "content_base64sha512": "QAa3B7bKb9dcubyXnRrK3jN/d8f/AP3kH7PA3RPDuD3JnQevMqWN4fwEUuxYn0fwFFRhmYNrNefDHrJ0OCjrjg==",
            "content_md5": "27749f4174959ff7c03e33b3cb89d884",
            "content_sha1": "a8b24dc55a6804b4766bcb7268f5d1825e763971",
            "content_sha256": "e7331f44b8401f234a770a17fb865b475b4279392dea10d682040ece6c6f97f4",
            "content_sha512": "4006b707b6ca6fd75cb9bc979d1acade337f77c7ff00fde41fb3c0dd13c3b83dc99d07af32a58de1fc0452ec589f47f014546199836b35e7c31eb2743828eb8e",
            "directory_permission": "0777",
            "file_permission": "0700",
            "filename": "pets.txt",
            "id": "a8b24dc55a6804b4766bcb7268f5d1825e763971",
            "sensitive_content": null,
            "source": null
          },
          "sensitive_attributes": [
            [
              {
                "type": "get_attr",
                "value": "sensitive_content"
              }
            ]
          ],
          "identity_schema_version": 0
        }
      ]
    }
  ],
  "check_results": null
}
